// !$*UTF8*$!
{
	archiveVersion = 1;
	classes = {
	};
	objectVersion = 50;
	objects = {

/* Begin PBXBuildFile section */
		2D1D143F2622B79600FD304A /* libSDL2-2.0.0.dylib in Frameworks */ = {isa = PBXBuildFile; fileRef = 2D1D143E2622B79600FD304A /* libSDL2-2.0.0.dylib */; };
		2D1D14402622B79600FD304A /* libSDL2-2.0.0.dylib in Embed Libraries */ = {isa = PBXBuildFile; fileRef = 2D1D143E2622B79600FD304A /* libSDL2-2.0.0.dylib */; settings = {ATTRIBUTES = (CodeSignOnCopy, ); }; };
		2D1D14432622B7AA00FD304A /* libSDL2_ttf-2.0.0.dylib in Frameworks */ = {isa = PBXBuildFile; fileRef = 2D1D14422622B7AA00FD304A /* libSDL2_ttf-2.0.0.dylib */; };
		2D1D14442622B7AB00FD304A /* libSDL2_ttf-2.0.0.dylib in Embed Libraries */ = {isa = PBXBuildFile; fileRef = 2D1D14422622B7AA00FD304A /* libSDL2_ttf-2.0.0.dylib */; settings = {ATTRIBUTES = (CodeSignOnCopy, ); }; };
		2D1D14472622EFE600FD304A /* SkickSDL.cpp in Sources */ = {isa = PBXBuildFile; fileRef = 2D1D14452622EFE600FD304A /* SkickSDL.cpp */; };
		2D1D14492622F31100FD304A /* libSDL2_image-2.0.0.dylib in Frameworks */ = {isa = PBXBuildFile; fileRef = 2D1D14482622F31100FD304A /* libSDL2_image-2.0.0.dylib */; };
		2DA6C9DC2624657B003A3077 /* coreGame.cpp in Sources */ = {isa = PBXBuildFile; fileRef = 2DA6C9DA2624657B003A3077 /* coreGame.cpp */; };
		2DED06CE262604AF0078ADF2 /* stringInput.cpp in Sources */ = {isa = PBXBuildFile; fileRef = 2DED06CC262604AF0078ADF2 /* stringInput.cpp */; };
		2DF42DCD2622AC8300E0B3A7 /* painter.cpp in Sources */ = {isa = PBXBuildFile; fileRef = 2DF42DCB2622AC8300E0B3A7 /* painter.cpp */; };
		2DF74625261B59CC00E2A4C8 /* hangman.cpp in Sources */ = {isa = PBXBuildFile; fileRef = 2DF74624261B59CC00E2A4C8 /* hangman.cpp */; };
		2DF74633261B673300E2A4C8 /* utility.cpp in Sources */ = {isa = PBXBuildFile; fileRef = 2DF74631261B673300E2A4C8 /* utility.cpp */; };
/* End PBXBuildFile section */

/* Begin PBXCopyFilesBuildPhase section */
		2D1D14412622B79600FD304A /* Embed Libraries */ = {
			isa = PBXCopyFilesBuildPhase;
			buildActionMask = 2147483647;
			dstPath = "";
			dstSubfolderSpec = 10;
			files = (
				2D1D14402622B79600FD304A /* libSDL2-2.0.0.dylib in Embed Libraries */,
				2D1D14442622B7AB00FD304A /* libSDL2_ttf-2.0.0.dylib in Embed Libraries */,
			);
			name = "Embed Libraries";
			runOnlyForDeploymentPostprocessing = 0;
		};
		2DF7461F261B59CC00E2A4C8 /* CopyFiles */ = {
			isa = PBXCopyFilesBuildPhase;
			buildActionMask = 2147483647;
			dstPath = /usr/share/man/man1/;
			dstSubfolderSpec = 0;
			files = (
			);
			runOnlyForDeploymentPostprocessing = 1;
		};
/* End PBXCopyFilesBuildPhase section */

/* Begin PBXFileReference section */
		2D1D143E2622B79600FD304A /* libSDL2-2.0.0.dylib */ = {isa = PBXFileReference; lastKnownFileType = "compiled.mach-o.dylib"; name = "libSDL2-2.0.0.dylib"; path = "../../../../usr/local/Cellar/sdl2/2.0.14_1/lib/libSDL2-2.0.0.dylib"; sourceTree = "<group>"; };
		2D1D14422622B7AA00FD304A /* libSDL2_ttf-2.0.0.dylib */ = {isa = PBXFileReference; lastKnownFileType = "compiled.mach-o.dylib"; name = "libSDL2_ttf-2.0.0.dylib"; path = "../../../../usr/local/Cellar/sdl2_ttf/2.0.15/lib/libSDL2_ttf-2.0.0.dylib"; sourceTree = "<group>"; };
		2D1D14452622EFE600FD304A /* SkickSDL.cpp */ = {isa = PBXFileReference; lastKnownFileType = sourcecode.cpp.cpp; path = SkickSDL.cpp; sourceTree = "<group>"; };
		2D1D14462622EFE600FD304A /* SkickSDL.hpp */ = {isa = PBXFileReference; lastKnownFileType = sourcecode.cpp.h; path = SkickSDL.hpp; sourceTree = "<group>"; };
		2D1D14482622F31100FD304A /* libSDL2_image-2.0.0.dylib */ = {isa = PBXFileReference; lastKnownFileType = "compiled.mach-o.dylib"; name = "libSDL2_image-2.0.0.dylib"; path = "../../../../usr/local/Cellar/sdl2_image/2.0.5/lib/libSDL2_image-2.0.0.dylib"; sourceTree = "<group>"; };
		2D826E60262438D30035AEFD /* img */ = {isa = PBXFileReference; lastKnownFileType = folder; path = img; sourceTree = "<group>"; };
		2DA6C9DA2624657B003A3077 /* coreGame.cpp */ = {isa = PBXFileReference; lastKnownFileType = sourcecode.cpp.cpp; path = coreGame.cpp; sourceTree = "<group>"; };
		2DA6C9DB2624657B003A3077 /* coreGame.hpp */ = {isa = PBXFileReference; lastKnownFileType = sourcecode.cpp.h; path = coreGame.hpp; sourceTree = "<group>"; };
		2DA99A4326201E0300027B34 /* Dictionary */ = {isa = PBXFileReference; lastKnownFileType = folder; path = Dictionary; sourceTree = "<group>"; };
		2DED06A926254B320078ADF2 /* Score */ = {isa = PBXFileReference; lastKnownFileType = folder; path = Score; sourceTree = "<group>"; };
		2DED06CC262604AF0078ADF2 /* stringInput.cpp */ = {isa = PBXFileReference; lastKnownFileType = sourcecode.cpp.cpp; path = stringInput.cpp; sourceTree = "<group>"; };
		2DED06CD262604AF0078ADF2 /* stringInput.hpp */ = {isa = PBXFileReference; lastKnownFileType = sourcecode.cpp.h; path = stringInput.hpp; sourceTree = "<group>"; };
		2DF42DCB2622AC8300E0B3A7 /* painter.cpp */ = {isa = PBXFileReference; lastKnownFileType = sourcecode.cpp.cpp; path = painter.cpp; sourceTree = "<group>"; };
		2DF42DCC2622AC8300E0B3A7 /* painter.hpp */ = {isa = PBXFileReference; lastKnownFileType = sourcecode.cpp.h; path = painter.hpp; sourceTree = "<group>"; };
		2DF74621261B59CC00E2A4C8 /* Hangman_20020282 */ = {isa = PBXFileReference; explicitFileType = "compiled.mach-o.executable"; includeInIndex = 0; path = Hangman_20020282; sourceTree = BUILT_PRODUCTS_DIR; };
		2DF74624261B59CC00E2A4C8 /* hangman.cpp */ = {isa = PBXFileReference; lastKnownFileType = sourcecode.cpp.cpp; path = hangman.cpp; sourceTree = "<group>"; };
		2DF74631261B673300E2A4C8 /* utility.cpp */ = {isa = PBXFileReference; lastKnownFileType = sourcecode.cpp.cpp; path = utility.cpp; sourceTree = "<group>"; };
		2DF74632261B673300E2A4C8 /* utility.hpp */ = {isa = PBXFileReference; lastKnownFileType = sourcecode.cpp.h; path = utility.hpp; sourceTree = "<group>"; };
/* End PBXFileReference section */

/* Begin PBXFrameworksBuildPhase section */
		2DF7461E261B59CC00E2A4C8 /* Frameworks */ = {
			isa = PBXFrameworksBuildPhase;
			buildActionMask = 2147483647;
			files = (
				2D1D14492622F31100FD304A /* libSDL2_image-2.0.0.dylib in Frameworks */,
				2D1D143F2622B79600FD304A /* libSDL2-2.0.0.dylib in Frameworks */,
				2D1D14432622B7AA00FD304A /* libSDL2_ttf-2.0.0.dylib in Frameworks */,
			);
			runOnlyForDeploymentPostprocessing = 0;
		};
/* End PBXFrameworksBuildPhase section */

/* Begin PBXGroup section */
		2DF42DC62622A60300E0B3A7 /* Frameworks */ = {
			isa = PBXGroup;
			children = (
				2D1D14482622F31100FD304A /* libSDL2_image-2.0.0.dylib */,
				2D1D14422622B7AA00FD304A /* libSDL2_ttf-2.0.0.dylib */,
				2D1D143E2622B79600FD304A /* libSDL2-2.0.0.dylib */,
			);
			name = Frameworks;
			sourceTree = "<group>";
		};
		2DF74618261B59CC00E2A4C8 = {
			isa = PBXGroup;
			children = (
				2DF74623261B59CC00E2A4C8 /* Hangman_20020282 */,
				2DF74622261B59CC00E2A4C8 /* Products */,
				2DF42DC62622A60300E0B3A7 /* Frameworks */,
			);
			sourceTree = "<group>";
		};
		2DF74622261B59CC00E2A4C8 /* Products */ = {
			isa = PBXGroup;
			children = (
				2DF74621261B59CC00E2A4C8 /* Hangman_20020282 */,
			);
			name = Products;
			sourceTree = "<group>";
		};
		2DF74623261B59CC00E2A4C8 /* Hangman_20020282 */ = {
			isa = PBXGroup;
			children = (
				2D826E60262438D30035AEFD /* img */,
				2DA99A4326201E0300027B34 /* Dictionary */,
				2DF74624261B59CC00E2A4C8 /* hangman.cpp */,
				2DF42DCB2622AC8300E0B3A7 /* painter.cpp */,
				2DF42DCC2622AC8300E0B3A7 /* painter.hpp */,
				2DA6C9DA2624657B003A3077 /* coreGame.cpp */,
				2DED06CC262604AF0078ADF2 /* stringInput.cpp */,
				2DED06CD262604AF0078ADF2 /* stringInput.hpp */,
				2DED06A926254B320078ADF2 /* Score */,
				2DA6C9DB2624657B003A3077 /* coreGame.hpp */,
				2D1D14452622EFE600FD304A /* SkickSDL.cpp */,
				2D1D14462622EFE600FD304A /* SkickSDL.hpp */,
				2DF74631261B673300E2A4C8 /* utility.cpp */,
				2DF74632261B673300E2A4C8 /* utility.hpp */,
			);
			path = Hangman_20020282;
			sourceTree = "<group>";
		};
/* End PBXGroup section */

/* Begin PBXNativeTarget section */
		2DF74620261B59CC00E2A4C8 /* Hangman_20020282 */ = {
			isa = PBXNativeTarget;
			buildConfigurationList = 2DF74628261B59CC00E2A4C8 /* Build configuration list for PBXNativeTarget "Hangman_20020282" */;
			buildPhases = (
				2DF7461D261B59CC00E2A4C8 /* Sources */,
				2DF7461E261B59CC00E2A4C8 /* Frameworks */,
				2DF7461F261B59CC00E2A4C8 /* CopyFiles */,
				2D1D14412622B79600FD304A /* Embed Libraries */,
			);
			buildRules = (
			);
			dependencies = (
			);
			name = Hangman_20020282;
			productName = Hangman_20020282;
			productReference = 2DF74621261B59CC00E2A4C8 /* Hangman_20020282 */;
			productType = "com.apple.product-type.tool";
		};
/* End PBXNativeTarget section */

/* Begin PBXProject section */
		2DF74619261B59CC00E2A4C8 /* Project object */ = {
			isa = PBXProject;
			attributes = {
				LastUpgradeCheck = 1240;
				TargetAttributes = {
					2DF74620261B59CC00E2A4C8 = {
						CreatedOnToolsVersion = 12.4;
					};
				};
			};
			buildConfigurationList = 2DF7461C261B59CC00E2A4C8 /* Build configuration list for PBXProject "Hangman_20020282" */;
			compatibilityVersion = "Xcode 9.3";
			developmentRegion = en;
			hasScannedForEncodings = 0;
			knownRegions = (
				en,
				Base,
			);
			mainGroup = 2DF74618261B59CC00E2A4C8;
			productRefGroup = 2DF74622261B59CC00E2A4C8 /* Products */;
			projectDirPath = "";
			projectRoot = "";
			targets = (
				2DF74620261B59CC00E2A4C8 /* Hangman_20020282 */,
			);
		};
/* End PBXProject section */

/* Begin PBXSourcesBuildPhase section */
		2DF7461D261B59CC00E2A4C8 /* Sources */ = {
			isa = PBXSourcesBuildPhase;
			buildActionMask = 2147483647;
			files = (
				2DF74633261B673300E2A4C8 /* utility.cpp in Sources */,
				2DF74625261B59CC00E2A4C8 /* hangman.cpp in Sources */,
				2D1D14472622EFE600FD304A /* SkickSDL.cpp in Sources */,
				2DA6C9DC2624657B003A3077 /* coreGame.cpp in Sources */,
				2DF42DCD2622AC8300E0B3A7 /* painter.cpp in Sources */,
				2DED06CE262604AF0078ADF2 /* stringInput.cpp in Sources */,
			);
			runOnlyForDeploymentPostprocessing = 0;
		};
/* End PBXSourcesBuildPhase section */

/* Begin XCBuildConfiguration section */
		2DF74626261B59CC00E2A4C8 /* Debug */ = {
			isa = XCBuildConfiguration;
			buildSettings = {
				ALWAYS_SEARCH_USER_PATHS = YES;
				CLANG_ANALYZER_NONNULL = YES;
				CLANG_ANALYZER_NUMBER_OBJECT_CONVERSION = YES_AGGRESSIVE;
				CLANG_CXX_LANGUAGE_STANDARD = "gnu++14";
				CLANG_CXX_LIBRARY = "libc++";
				CLANG_ENABLE_MODULES = YES;
				CLANG_ENABLE_OBJC_ARC = YES;
				CLANG_ENABLE_OBJC_WEAK = YES;
				CLANG_WARN_BLOCK_CAPTURE_AUTORELEASING = YES;
				CLANG_WARN_BOOL_CONVERSION = YES;
				CLANG_WARN_COMMA = YES;
				CLANG_WARN_CONSTANT_CONVERSION = YES;
				CLANG_WARN_DEPRECATED_OBJC_IMPLEMENTATIONS = YES;
				CLANG_WARN_DIRECT_OBJC_ISA_USAGE = YES_ERROR;
				CLANG_WARN_DOCUMENTATION_COMMENTS = YES;
				CLANG_WARN_EMPTY_BODY = YES;
				CLANG_WARN_ENUM_CONVERSION = YES;
				CLANG_WARN_INFINITE_RECURSION = YES;
				CLANG_WARN_INT_CONVERSION = YES;
				CLANG_WARN_NON_LITERAL_NULL_CONVERSION = YES;
				CLANG_WARN_OBJC_IMPLICIT_RETAIN_SELF = YES;
				CLANG_WARN_OBJC_LITERAL_CONVERSION = YES;
				CLANG_WARN_OBJC_ROOT_CLASS = YES_ERROR;
				CLANG_WARN_QUOTED_INCLUDE_IN_FRAMEWORK_HEADER = YES;
				CLANG_WARN_RANGE_LOOP_ANALYSIS = YES;
				CLANG_WARN_STRICT_PROTOTYPES = YES;
				CLANG_WARN_SUSPICIOUS_MOVE = YES;
				CLANG_WARN_UNGUARDED_AVAILABILITY = YES_AGGRESSIVE;
				CLANG_WARN_UNREACHABLE_CODE = YES;
				CLANG_WARN__DUPLICATE_METHOD_MATCH = YES;
				COPY_PHASE_STRIP = NO;
				DEBUG_INFORMATION_FORMAT = dwarf;
				ENABLE_STRICT_OBJC_MSGSEND = YES;
				ENABLE_TESTABILITY = YES;
				GCC_C_LANGUAGE_STANDARD = gnu11;
				GCC_DYNAMIC_NO_PIC = NO;
				GCC_NO_COMMON_BLOCKS = YES;
				GCC_OPTIMIZATION_LEVEL = 0;
				GCC_PREPROCESSOR_DEFINITIONS = (
					"DEBUG=1",
					"$(inherited)",
				);
				GCC_WARN_64_TO_32_BIT_CONVERSION = YES;
				GCC_WARN_ABOUT_RETURN_TYPE = YES_ERROR;
				GCC_WARN_UNDECLARED_SELECTOR = YES;
				GCC_WARN_UNINITIALIZED_AUTOS = YES_AGGRESSIVE;
				GCC_WARN_UNUSED_FUNCTION = YES;
				GCC_WARN_UNUSED_VARIABLE = YES;
				HEADER_SEARCH_PATHS = /usr/local/include;
				MACOSX_DEPLOYMENT_TARGET = 11.1;
				MTL_ENABLE_DEBUG_INFO = INCLUDE_SOURCE;
				MTL_FAST_MATH = YES;
				ONLY_ACTIVE_ARCH = YES;
				SDKROOT = macosx;
			};
			name = Debug;
		};
		2DF74627261B59CC00E2A4C8 /* Release */ = {
			isa = XCBuildConfiguration;
			buildSettings = {
				ALWAYS_SEARCH_USER_PATHS = YES;
				CLANG_ANALYZER_NONNULL = YES;
				CLANG_ANALYZER_NUMBER_OBJECT_CONVERSION = YES_AGGRESSIVE;
				CLANG_CXX_LANGUAGE_STANDARD = "gnu++14";
				CLANG_CXX_LIBRARY = "libc++";
				CLANG_ENABLE_MODULES = YES;
				CLANG_ENABLE_OBJC_ARC = YES;
				CLANG_ENABLE_OBJC_WEAK = YES;
				CLANG_WARN_BLOCK_CAPTURE_AUTORELEASING = YES;
				CLANG_WARN_BOOL_CONVERSION = YES;
				CLANG_WARN_COMMA = YES;
				CLANG_WARN_CONSTANT_CONVERSION = YES;
				CLANG_WARN_DEPRECATED_OBJC_IMPLEMENTATIONS = YES;
				CLANG_WARN_DIRECT_OBJC_ISA_USAGE = YES_ERROR;
				CLANG_WARN_DOCUMENTATION_COMMENTS = YES;
				CLANG_WARN_EMPTY_BODY = YES;
				CLANG_WARN_ENUM_CONVERSION = YES;
				CLANG_WARN_INFINITE_RECURSION = YES;
				CLANG_WARN_INT_CONVERSION = YES;
				CLANG_WARN_NON_LITERAL_NULL_CONVERSION = YES;
				CLANG_WARN_OBJC_IMPLICIT_RETAIN_SELF = YES;
				CLANG_WARN_OBJC_LITERAL_CONVERSION = YES;
				CLANG_WARN_OBJC_ROOT_CLASS = YES_ERROR;
				CLANG_WARN_QUOTED_INCLUDE_IN_FRAMEWORK_HEADER = YES;
				CLANG_WARN_RANGE_LOOP_ANALYSIS = YES;
				CLANG_WARN_STRICT_PROTOTYPES = YES;
				CLANG_WARN_SUSPICIOUS_MOVE = YES;
				CLANG_WARN_UNGUARDED_AVAILABILITY = YES_AGGRESSIVE;
				CLANG_WARN_UNREACHABLE_CODE = YES;
				CLANG_WARN__DUPLICATE_METHOD_MATCH = YES;
				COPY_PHASE_STRIP = NO;
				DEBUG_INFORMATION_FORMAT = "dwarf-with-dsym";
				ENABLE_NS_ASSERTIONS = NO;
				ENABLE_STRICT_OBJC_MSGSEND = YES;
				GCC_C_LANGUAGE_STANDARD = gnu11;
				GCC_NO_COMMON_BLOCKS = YES;
				GCC_WARN_64_TO_32_BIT_CONVERSION = YES;
				GCC_WARN_ABOUT_RETURN_TYPE = YES_ERROR;
				GCC_WARN_UNDECLARED_SELECTOR = YES;
				GCC_WARN_UNINITIALIZED_AUTOS = YES_AGGRESSIVE;
				GCC_WARN_UNUSED_FUNCTION = YES;
				GCC_WARN_UNUSED_VARIABLE = YES;
				HEADER_SEARCH_PATHS = /usr/local/include;
				MACOSX_DEPLOYMENT_TARGET = 11.1;
				MTL_ENABLE_DEBUG_INFO = NO;
				MTL_FAST_MATH = YES;
				SDKROOT = macosx;
			};
			name = Release;
		};
		2DF74629261B59CC00E2A4C8 /* Debug */ = {
			isa = XCBuildConfiguration;
			buildSettings = {
				CODE_SIGN_STYLE = Automatic;
				FRAMEWORK_SEARCH_PATHS = (
					"$(inherited)",
					"$(LOCAL_LIBRARY_DIR)/Frameworks",
				);
				LIBRARY_SEARCH_PATHS = (
					"$(inherited)",
					/usr/local/Cellar/sdl2/2.0.14_1/lib,
					/usr/local/Cellar/sdl2_ttf/2.0.15/lib,
					/usr/local/Cellar/sdl2_image/2.0.5/lib,
				);
				PRODUCT_NAME = "$(TARGET_NAME)";
			};
			name = Debug;
		};
		2DF7462A261B59CC00E2A4C8 /* Release */ = {
			isa = XCBuildConfiguration;
			buildSettings = {
				CODE_SIGN_STYLE = Automatic;
				FRAMEWORK_SEARCH_PATHS = (
					"$(inherited)",
					"$(LOCAL_LIBRARY_DIR)/Frameworks",
				);
				LIBRARY_SEARCH_PATHS = (
					"$(inherited)",
					/usr/local/Cellar/sdl2/2.0.14_1/lib,
					/usr/local/Cellar/sdl2_ttf/2.0.15/lib,
					/usr/local/Cellar/sdl2_image/2.0.5/lib,
				);
				PRODUCT_NAME = "$(TARGET_NAME)";
			};
			name = Release;
		};
/* End XCBuildConfiguration section */

/* Begin XCConfigurationList section */
		2DF7461C261B59CC00E2A4C8 /* Build configuration list for PBXProject "Hangman_20020282" */ = {
			isa = XCConfigurationList;
			buildConfigurations = (
				2DF74626261B59CC00E2A4C8 /* Debug */,
				2DF74627261B59CC00E2A4C8 /* Release */,
			);
			defaultConfigurationIsVisible = 0;
			defaultConfigurationName = Release;
		};
		2DF74628261B59CC00E2A4C8 /* Build configuration list for PBXNativeTarget "Hangman_20020282" */ = {
			isa = XCConfigurationList;
			buildConfigurations = (
				2DF74629261B59CC00E2A4C8 /* Debug */,
				2DF7462A261B59CC00E2A4C8 /* Release */,
			);
			defaultConfigurationIsVisible = 0;
			defaultConfigurationName = Release;
		};
/* End XCConfigurationList section */
	};
	rootObject = 2DF74619261B59CC00E2A4C8 /* Project object */;
}
